
Microsoft Visual Studio Solution File, Format Version 12.00
# Visual Studio Version 16
VisualStudioVersion = 16.0.30907.101
MinimumVisualStudioVersion = 10.0.40219.1
Project("{9A19103F-16F7-4668-BE54-9A1E7A4F7556}") = "FindASale", "FindASale\FindASale.csproj", "{78B254D1-25A2-465C-8C1B-E67042A07F47}"
EndProject
Project("{FAE04EC0-301F-11D3-BF4B-00C04F79EFBC}") = "FindASales.Tests", "FindASales.Tests\FindASales.Tests.csproj", "{B2F2A2A4-AD58-4921-935F-DB19615666BB}"
EndProject
Global
	GlobalSection(SolutionConfigurationPlatforms) = preSolution
		Debug|Any CPU = Debug|Any CPU
		Release|Any CPU = Release|Any CPU
	EndGlobalSection
	GlobalSection(ProjectConfigurationPlatforms) = postSolution
		{78B254D1-25A2-465C-8C1B-E67042A07F47}.Debug|Any CPU.ActiveCfg = Debug|Any CPU
		{78B254D1-25A2-465C-8C1B-E67042A07F47}.Debug|Any CPU.Build.0 = Debug|Any CPU
		{78B254D1-25A2-465C-8C1B-E67042A07F47}.Release|Any CPU.ActiveCfg = Release|Any CPU
		{78B254D1-25A2-465C-8C1B-E67042A07F47}.Release|Any CPU.Build.0 = Release|Any CPU
		{B2F2A2A4-AD58-4921-935F-DB19615666BB}.Debug|Any CPU.ActiveCfg = Debug|Any CPU
		{B2F2A2A4-AD58-4921-935F-DB19615666BB}.Debug|Any CPU.Build.0 = Debug|Any CPU
		{B2F2A2A4-AD58-4921-935F-DB19615666BB}.Release|Any CPU.ActiveCfg = Release|Any CPU
		{B2F2A2A4-AD58-4921-935F-DB19615666BB}.Release|Any CPU.Build.0 = Release|Any CPU
	EndGlobalSection
	GlobalSection(SolutionProperties) = preSolution
		HideSolutionNode = FALSE
	EndGlobalSection
	GlobalSection(ExtensibilityGlobals) = postSolution
		SolutionGuid = {0393C096-A4C3-46DA-95CA-E9B0487FA305}
	EndGlobalSection
EndGlobal
